
Microsoft Visual Studio Solution File, Format Version 12.00
# Visual Studio Version 17
VisualStudioVersion = 17.2.32616.157
MinimumVisualStudioVersion = 10.0.40219.1
Project("{FAE04EC0-301F-11D3-BF4B-00C04F79EFBC}") = "CodingTracker", "CodingTracker.csproj", "{CC1E2571-C7A9-406E-9D35-E07845336A46}"
EndProject
Global
	GlobalSection(SolutionConfigurationPlatforms) = preSolution
		Debug|Any CPU = Debug|Any CPU
		Release|Any CPU = Release|Any CPU
	EndGlobalSection
	GlobalSection(ProjectConfigurationPlatforms) = postSolution
		{CC1E2571-C7A9-406E-9D35-E07845336A46}.Debug|Any CPU.ActiveCfg = Debug|Any CPU
		{CC1E2571-C7A9-406E-9D35-E07845336A46}.Debug|Any CPU.Build.0 = Debug|Any CPU
		{CC1E2571-C7A9-406E-9D35-E07845336A46}.Release|Any CPU.ActiveCfg = Release|Any CPU
		{CC1E2571-C7A9-406E-9D35-E07845336A46}.Release|Any CPU.Build.0 = Release|Any CPU
	EndGlobalSection
	GlobalSection(SolutionProperties) = preSolution
		HideSolutionNode = FALSE
	EndGlobalSection
	GlobalSection(ExtensibilityGlobals) = postSolution
		SolutionGuid = {809A2445-1DAC-4893-99DF-F7CB9136E577}
	EndGlobalSection
EndGlobal
